
Microsoft Visual Studio Solution File, Format Version 12.00
# Visual Studio Version 16
VisualStudioVersion = 16.0.32228.343
MinimumVisualStudioVersion = 10.0.40219.1
Project("{FAE04EC0-301F-11D3-BF4B-00C04F79EFBC}") = "ControleDeContatos", "ControleDeContatos\ControleDeContatos.csproj", "{11F714C4-51C2-4072-9CD2-9AC9D450ADB1}"
EndProject
Global
	GlobalSection(SolutionConfigurationPlatforms) = preSolution
		Debug|Any CPU = Debug|Any CPU
		Release|Any CPU = Release|Any CPU
	EndGlobalSection
	GlobalSection(ProjectConfigurationPlatforms) = postSolution
		{11F714C4-51C2-4072-9CD2-9AC9D450ADB1}.Debug|Any CPU.ActiveCfg = Debug|Any CPU
		{11F714C4-51C2-4072-9CD2-9AC9D450ADB1}.Debug|Any CPU.Build.0 = Debug|Any CPU
		{11F714C4-51C2-4072-9CD2-9AC9D450ADB1}.Release|Any CPU.ActiveCfg = Release|Any CPU
		{11F714C4-51C2-4072-9CD2-9AC9D450ADB1}.Release|Any CPU.Build.0 = Release|Any CPU
	EndGlobalSection
	GlobalSection(SolutionProperties) = preSolution
		HideSolutionNode = FALSE
	EndGlobalSection
	GlobalSection(ExtensibilityGlobals) = postSolution
		SolutionGuid = {8F4E5734-F972-4487-875E-76E511165E4D}
	EndGlobalSection
EndGlobal
